
Microsoft Visual Studio Solution File, Format Version 12.00
# Visual Studio 14
VisualStudioVersion = 14.0.25420.1
MinimumVisualStudioVersion = 10.0.40219.1
Project("{2150E333-8FDC-42A3-9474-1A3956D46DE8}") = "Engine", "Engine", "{B5B09D2C-CB91-42D5-B95F-809BD669AD55}"
EndProject
Project("{2150E333-8FDC-42A3-9474-1A3956D46DE8}") = "Games", "Games", "{CCB1376F-9B0E-4CB0-9637-B1739A45DE65}"
EndProject
Project("{8BC9CEB8-8B4A-11D0-8D11-00A0C91BC942}") = "UE4", "Intermediate\ProjectFiles\UE4.vcxproj", "{E490E6D9-4F34-48B0-868E-03D017FD5B05}"
EndProject
Project("{8BC9CEB8-8B4A-11D0-8D11-00A0C91BC942}") = "BuildingEscape", "Intermediate\ProjectFiles\BuildingEscape.vcxproj", "{03A4AF33-7A8C-42B8-A876-99FF9B41BB67}"
EndProject
Global
	GlobalSection(SolutionConfigurationPlatforms) = preSolution
		DebugGame Editor|HTML5 = DebugGame Editor|HTML5
		DebugGame Editor|Win32 = DebugGame Editor|Win32
		DebugGame Editor|Win64 = DebugGame Editor|Win64
		DebugGame|HTML5 = DebugGame|HTML5
		DebugGame|Win32 = DebugGame|Win32
		DebugGame|Win64 = DebugGame|Win64
		Development Editor|HTML5 = Development Editor|HTML5
		Development Editor|Win32 = Development Editor|Win32
		Development Editor|Win64 = Development Editor|Win64
		Development|HTML5 = Development|HTML5
		Development|Win32 = Development|Win32
		Development|Win64 = Development|Win64
		Shipping|HTML5 = Shipping|HTML5
		Shipping|Win32 = Shipping|Win32
		Shipping|Win64 = Shipping|Win64
	EndGlobalSection
	GlobalSection(ProjectConfigurationPlatforms) = postSolution
		{E490E6D9-4F34-48B0-868E-03D017FD5B05}.DebugGame Editor|HTML5.ActiveCfg = BuiltWithUnrealBuildTool|Win32
		{E490E6D9-4F34-48B0-868E-03D017FD5B05}.DebugGame Editor|HTML5.Build.0 = BuiltWithUnrealBuildTool|Win32
		{E490E6D9-4F34-48B0-868E-03D017FD5B05}.DebugGame Editor|Win32.ActiveCfg = BuiltWithUnrealBuildTool|Win32
		{E490E6D9-4F34-48B0-868E-03D017FD5B05}.DebugGame Editor|Win32.Build.0 = BuiltWithUnrealBuildTool|Win32
		{E490E6D9-4F34-48B0-868E-03D017FD5B05}.DebugGame Editor|Win64.ActiveCfg = BuiltWithUnrealBuildTool|Win32
		{E490E6D9-4F34-48B0-868E-03D017FD5B05}.DebugGame Editor|Win64.Build.0 = BuiltWithUnrealBuildTool|Win32
		{E490E6D9-4F34-48B0-868E-03D017FD5B05}.DebugGame|HTML5.ActiveCfg = BuiltWithUnrealBuildTool|Win32
		{E490E6D9-4F34-48B0-868E-03D017FD5B05}.DebugGame|HTML5.Build.0 = BuiltWithUnrealBuildTool|Win32
		{E490E6D9-4F34-48B0-868E-03D017FD5B05}.DebugGame|Win32.ActiveCfg = BuiltWithUnrealBuildTool|Win32
		{E490E6D9-4F34-48B0-868E-03D017FD5B05}.DebugGame|Win32.Build.0 = BuiltWithUnrealBuildTool|Win32
		{E490E6D9-4F34-48B0-868E-03D017FD5B05}.DebugGame|Win64.ActiveCfg = BuiltWithUnrealBuildTool|Win32
		{E490E6D9-4F34-48B0-868E-03D017FD5B05}.DebugGame|Win64.Build.0 = BuiltWithUnrealBuildTool|Win32
		{E490E6D9-4F34-48B0-868E-03D017FD5B05}.Development Editor|HTML5.ActiveCfg = BuiltWithUnrealBuildTool|Win32
		{E490E6D9-4F34-48B0-868E-03D017FD5B05}.Development Editor|HTML5.Build.0 = BuiltWithUnrealBuildTool|Win32
		{E490E6D9-4F34-48B0-868E-03D017FD5B05}.Development Editor|Win32.ActiveCfg = BuiltWithUnrealBuildTool|Win32
		{E490E6D9-4F34-48B0-868E-03D017FD5B05}.Development Editor|Win32.Build.0 = BuiltWithUnrealBuildTool|Win32
		{E490E6D9-4F34-48B0-868E-03D017FD5B05}.Development Editor|Win64.ActiveCfg = BuiltWithUnrealBuildTool|Win32
		{E490E6D9-4F34-48B0-868E-03D017FD5B05}.Development Editor|Win64.Build.0 = BuiltWithUnrealBuildTool|Win32
		{E490E6D9-4F34-48B0-868E-03D017FD5B05}.Development|HTML5.ActiveCfg = BuiltWithUnrealBuildTool|Win32
		{E490E6D9-4F34-48B0-868E-03D017FD5B05}.Development|HTML5.Build.0 = BuiltWithUnrealBuildTool|Win32
		{E490E6D9-4F34-48B0-868E-03D017FD5B05}.Development|Win32.ActiveCfg = BuiltWithUnrealBuildTool|Win32
		{E490E6D9-4F34-48B0-868E-03D017FD5B05}.Development|Win32.Build.0 = BuiltWithUnrealBuildTool|Win32
		{E490E6D9-4F34-48B0-868E-03D017FD5B05}.Development|Win64.ActiveCfg = BuiltWithUnrealBuildTool|Win32
		{E490E6D9-4F34-48B0-868E-03D017FD5B05}.Development|Win64.Build.0 = BuiltWithUnrealBuildTool|Win32
		{E490E6D9-4F34-48B0-868E-03D017FD5B05}.Shipping|HTML5.ActiveCfg = BuiltWithUnrealBuildTool|Win32
		{E490E6D9-4F34-48B0-868E-03D017FD5B05}.Shipping|HTML5.Build.0 = BuiltWithUnrealBuildTool|Win32
		{E490E6D9-4F34-48B0-868E-03D017FD5B05}.Shipping|Win32.ActiveCfg = BuiltWithUnrealBuildTool|Win32
		{E490E6D9-4F34-48B0-868E-03D017FD5B05}.Shipping|Win32.Build.0 = BuiltWithUnrealBuildTool|Win32
		{E490E6D9-4F34-48B0-868E-03D017FD5B05}.Shipping|Win64.ActiveCfg = BuiltWithUnrealBuildTool|Win32
		{E490E6D9-4F34-48B0-868E-03D017FD5B05}.Shipping|Win64.Build.0 = BuiltWithUnrealBuildTool|Win32
		{03A4AF33-7A8C-42B8-A876-99FF9B41BB67}.DebugGame Editor|HTML5.ActiveCfg = HTML5_DebugGame_Editor|Win32
		{03A4AF33-7A8C-42B8-A876-99FF9B41BB67}.DebugGame Editor|Win32.ActiveCfg = DebugGame_Editor|Win32
		{03A4AF33-7A8C-42B8-A876-99FF9B41BB67}.DebugGame Editor|Win64.ActiveCfg = DebugGame_Editor|x64
		{03A4AF33-7A8C-42B8-A876-99FF9B41BB67}.DebugGame Editor|Win64.Build.0 = DebugGame_Editor|x64
		{03A4AF33-7A8C-42B8-A876-99FF9B41BB67}.DebugGame|HTML5.ActiveCfg = HTML5_DebugGame_Game|Win32
		{03A4AF33-7A8C-42B8-A876-99FF9B41BB67}.DebugGame|HTML5.Build.0 = HTML5_DebugGame_Game|Win32
		{03A4AF33-7A8C-42B8-A876-99FF9B41BB67}.DebugGame|Win32.ActiveCfg = DebugGame_Game|Win32
		{03A4AF33-7A8C-42B8-A876-99FF9B41BB67}.DebugGame|Win32.Build.0 = DebugGame_Game|Win32
		{03A4AF33-7A8C-42B8-A876-99FF9B41BB67}.DebugGame|Win64.ActiveCfg = DebugGame_Game|x64
		{03A4AF33-7A8C-42B8-A876-99FF9B41BB67}.DebugGame|Win64.Build.0 = DebugGame_Game|x64
		{03A4AF33-7A8C-42B8-A876-99FF9B41BB67}.Development Editor|HTML5.ActiveCfg = HTML5_Development_Editor|Win32
		{03A4AF33-7A8C-42B8-A876-99FF9B41BB67}.Development Editor|Win32.ActiveCfg = Development_Editor|Win32
		{03A4AF33-7A8C-42B8-A876-99FF9B41BB67}.Development Editor|Win64.ActiveCfg = Development_Editor|x64
		{03A4AF33-7A8C-42B8-A876-99FF9B41BB67}.Development Editor|Win64.Build.0 = Development_Editor|x64
		{03A4AF33-7A8C-42B8-A876-99FF9B41BB67}.Development|HTML5.ActiveCfg = HTML5_Development_Game|Win32
		{03A4AF33-7A8C-42B8-A876-99FF9B41BB67}.Development|HTML5.Build.0 = HTML5_Development_Game|Win32
		{03A4AF33-7A8C-42B8-A876-99FF9B41BB67}.Development|Win32.ActiveCfg = Development_Game|Win32
		{03A4AF33-7A8C-42B8-A876-99FF9B41BB67}.Development|Win32.Build.0 = Development_Game|Win32
		{03A4AF33-7A8C-42B8-A876-99FF9B41BB67}.Development|Win64.ActiveCfg = Development_Game|x64
		{03A4AF33-7A8C-42B8-A876-99FF9B41BB67}.Development|Win64.Build.0 = Development_Game|x64
		{03A4AF33-7A8C-42B8-A876-99FF9B41BB67}.Shipping|HTML5.ActiveCfg = HTML5_Shipping_Game|Win32
		{03A4AF33-7A8C-42B8-A876-99FF9B41BB67}.Shipping|HTML5.Build.0 = HTML5_Shipping_Game|Win32
		{03A4AF33-7A8C-42B8-A876-99FF9B41BB67}.Shipping|Win32.ActiveCfg = Shipping_Game|Win32
		{03A4AF33-7A8C-42B8-A876-99FF9B41BB67}.Shipping|Win32.Build.0 = Shipping_Game|Win32
		{03A4AF33-7A8C-42B8-A876-99FF9B41BB67}.Shipping|Win64.ActiveCfg = Shipping_Game|x64
		{03A4AF33-7A8C-42B8-A876-99FF9B41BB67}.Shipping|Win64.Build.0 = Shipping_Game|x64
	EndGlobalSection
	GlobalSection(SolutionProperties) = preSolution
		HideSolutionNode = FALSE
	EndGlobalSection
	GlobalSection(NestedProjects) = preSolution
		{E490E6D9-4F34-48B0-868E-03D017FD5B05} = {B5B09D2C-CB91-42D5-B95F-809BD669AD55}
		{03A4AF33-7A8C-42B8-A876-99FF9B41BB67} = {CCB1376F-9B0E-4CB0-9637-B1739A45DE65}
	EndGlobalSection
EndGlobal
